
Microsoft Visual Studio Solution File, Format Version 12.00
# Visual Studio Version 16
VisualStudioVersion = 16.0.30104.148
MinimumVisualStudioVersion = 10.0.40219.1
Project("{8BC9CEB8-8B4A-11D0-8D11-00A0C91BC942}") = "Project UMTD", "Project UMTD\Project UMTD.vcxproj", "{BFED5C55-D227-4CB7-ACAE-433120F4EC57}"
EndProject
Project("{8BC9CEB8-8B4A-11D0-8D11-00A0C91BC942}") = "Game", "Game\Game.vcxproj", "{5AD4331E-4317-4270-A430-E47A0D99BB25}"
EndProject
Project("{8BC9CEB8-8B4A-11D0-8D11-00A0C91BC942}") = "Rendering", "Rendering\Rendering.vcxproj", "{F04E0E6B-80B8-4A42-9A9B-AEA2487E5BF3}"
EndProject
Project("{8BC9CEB8-8B4A-11D0-8D11-00A0C91BC942}") = "Network", "Network\Network.vcxproj", "{7675A5A6-88E9-4F37-A77E-B8F38C82BDFD}"
EndProject
Project("{8BC9CEB8-8B4A-11D0-8D11-00A0C91BC942}") = "NetTest_Client", "NetTest_Client\NetTest_Client.vcxproj", "{FE720641-E9B4-4D64-9966-E61F79DF8871}"
EndProject
Project("{8BC9CEB8-8B4A-11D0-8D11-00A0C91BC942}") = "NetTest_Server", "NetTest_Server\NetTest_Server.vcxproj", "{595904A1-FB4B-497D-9C4A-863282E140F1}"
EndProject
Global
	GlobalSection(SolutionConfigurationPlatforms) = preSolution
		Debug|x64 = Debug|x64
		Debug|x86 = Debug|x86
		Release|x64 = Release|x64
		Release|x86 = Release|x86
	EndGlobalSection
	GlobalSection(ProjectConfigurationPlatforms) = postSolution
		{BFED5C55-D227-4CB7-ACAE-433120F4EC57}.Debug|x64.ActiveCfg = Debug|x64
		{BFED5C55-D227-4CB7-ACAE-433120F4EC57}.Debug|x64.Build.0 = Debug|x64
		{BFED5C55-D227-4CB7-ACAE-433120F4EC57}.Debug|x86.ActiveCfg = Debug|Win32
		{BFED5C55-D227-4CB7-ACAE-433120F4EC57}.Debug|x86.Build.0 = Debug|Win32
		{BFED5C55-D227-4CB7-ACAE-433120F4EC57}.Release|x64.ActiveCfg = Release|x64
		{BFED5C55-D227-4CB7-ACAE-433120F4EC57}.Release|x64.Build.0 = Release|x64
		{BFED5C55-D227-4CB7-ACAE-433120F4EC57}.Release|x86.ActiveCfg = Release|Win32
		{BFED5C55-D227-4CB7-ACAE-433120F4EC57}.Release|x86.Build.0 = Release|Win32
		{5AD4331E-4317-4270-A430-E47A0D99BB25}.Debug|x64.ActiveCfg = Debug|x64
		{5AD4331E-4317-4270-A430-E47A0D99BB25}.Debug|x64.Build.0 = Debug|x64
		{5AD4331E-4317-4270-A430-E47A0D99BB25}.Debug|x86.ActiveCfg = Debug|Win32
		{5AD4331E-4317-4270-A430-E47A0D99BB25}.Debug|x86.Build.0 = Debug|Win32
		{5AD4331E-4317-4270-A430-E47A0D99BB25}.Release|x64.ActiveCfg = Release|x64
		{5AD4331E-4317-4270-A430-E47A0D99BB25}.Release|x64.Build.0 = Release|x64
		{5AD4331E-4317-4270-A430-E47A0D99BB25}.Release|x86.ActiveCfg = Release|Win32
		{5AD4331E-4317-4270-A430-E47A0D99BB25}.Release|x86.Build.0 = Release|Win32
		{F04E0E6B-80B8-4A42-9A9B-AEA2487E5BF3}.Debug|x64.ActiveCfg = Debug|x64
		{F04E0E6B-80B8-4A42-9A9B-AEA2487E5BF3}.Debug|x64.Build.0 = Debug|x64
		{F04E0E6B-80B8-4A42-9A9B-AEA2487E5BF3}.Debug|x86.ActiveCfg = Debug|Win32
		{F04E0E6B-80B8-4A42-9A9B-AEA2487E5BF3}.Debug|x86.Build.0 = Debug|Win32
		{F04E0E6B-80B8-4A42-9A9B-AEA2487E5BF3}.Release|x64.ActiveCfg = Release|x64
		{F04E0E6B-80B8-4A42-9A9B-AEA2487E5BF3}.Release|x64.Build.0 = Release|x64
		{F04E0E6B-80B8-4A42-9A9B-AEA2487E5BF3}.Release|x86.ActiveCfg = Release|Win32
		{F04E0E6B-80B8-4A42-9A9B-AEA2487E5BF3}.Release|x86.Build.0 = Release|Win32
		{7675A5A6-88E9-4F37-A77E-B8F38C82BDFD}.Debug|x64.ActiveCfg = Debug|x64
		{7675A5A6-88E9-4F37-A77E-B8F38C82BDFD}.Debug|x64.Build.0 = Debug|x64
		{7675A5A6-88E9-4F37-A77E-B8F38C82BDFD}.Debug|x86.ActiveCfg = Debug|Win32
		{7675A5A6-88E9-4F37-A77E-B8F38C82BDFD}.Debug|x86.Build.0 = Debug|Win32
		{7675A5A6-88E9-4F37-A77E-B8F38C82BDFD}.Release|x64.ActiveCfg = Release|x64
		{7675A5A6-88E9-4F37-A77E-B8F38C82BDFD}.Release|x64.Build.0 = Release|x64
		{7675A5A6-88E9-4F37-A77E-B8F38C82BDFD}.Release|x86.ActiveCfg = Release|Win32
		{7675A5A6-88E9-4F37-A77E-B8F38C82BDFD}.Release|x86.Build.0 = Release|Win32
		{FE720641-E9B4-4D64-9966-E61F79DF8871}.Debug|x64.ActiveCfg = Debug|x64
		{FE720641-E9B4-4D64-9966-E61F79DF8871}.Debug|x64.Build.0 = Debug|x64
		{FE720641-E9B4-4D64-9966-E61F79DF8871}.Debug|x86.ActiveCfg = Debug|Win32
		{FE720641-E9B4-4D64-9966-E61F79DF8871}.Debug|x86.Build.0 = Debug|Win32
		{FE720641-E9B4-4D64-9966-E61F79DF8871}.Release|x64.ActiveCfg = Release|x64
		{FE720641-E9B4-4D64-9966-E61F79DF8871}.Release|x64.Build.0 = Release|x64
		{FE720641-E9B4-4D64-9966-E61F79DF8871}.Release|x86.ActiveCfg = Release|Win32
		{FE720641-E9B4-4D64-9966-E61F79DF8871}.Release|x86.Build.0 = Release|Win32
		{595904A1-FB4B-497D-9C4A-863282E140F1}.Debug|x64.ActiveCfg = Debug|x64
		{595904A1-FB4B-497D-9C4A-863282E140F1}.Debug|x64.Build.0 = Debug|x64
		{595904A1-FB4B-497D-9C4A-863282E140F1}.Debug|x86.ActiveCfg = Debug|Win32
		{595904A1-FB4B-497D-9C4A-863282E140F1}.Debug|x86.Build.0 = Debug|Win32
		{595904A1-FB4B-497D-9C4A-863282E140F1}.Release|x64.ActiveCfg = Release|x64
		{595904A1-FB4B-497D-9C4A-863282E140F1}.Release|x64.Build.0 = Release|x64
		{595904A1-FB4B-497D-9C4A-863282E140F1}.Release|x86.ActiveCfg = Release|Win32
		{595904A1-FB4B-497D-9C4A-863282E140F1}.Release|x86.Build.0 = Release|Win32
	EndGlobalSection
	GlobalSection(SolutionProperties) = preSolution
		HideSolutionNode = FALSE
	EndGlobalSection
	GlobalSection(ExtensibilityGlobals) = postSolution
		SolutionGuid = {E94D1038-9DF7-4E7A-83BC-5BC94C1E2AEA}
	EndGlobalSection
EndGlobal
